// !$*UTF8*$!
{
	archiveVersion = 1;
	classes = {
	};
	objectVersion = 46;
	objects = {

/* Begin PBXBuildFile section */
		00933C2BF28238BBB971494E /* Pods_SwiftYampTests.framework in Frameworks */ = {isa = PBXBuildFile; fileRef = A6B8140B353F09B2748B584A /* Pods_SwiftYampTests.framework */; };
		5F8B9E17C72B28730D318782 /* Pods_SwiftYamp.framework in Frameworks */ = {isa = PBXBuildFile; fileRef = 7BFD47B3D281A0A0CADD5369 /* Pods_SwiftYamp.framework */; };
		A4804F621EF121A1005CBCCD /* EventFrameTest.swift in Sources */ = {isa = PBXBuildFile; fileRef = A4804F611EF121A1005CBCCD /* EventFrameTest.swift */; };
		A4804F641EF12BAF005CBCCD /* RequestFrame.swift in Sources */ = {isa = PBXBuildFile; fileRef = A4804F631EF12BAF005CBCCD /* RequestFrame.swift */; };
		A4804F651EF12BAF005CBCCD /* RequestFrame.swift in Sources */ = {isa = PBXBuildFile; fileRef = A4804F631EF12BAF005CBCCD /* RequestFrame.swift */; };
		A4804F671EF12CF8005CBCCD /* RequestFrameTest.swift in Sources */ = {isa = PBXBuildFile; fileRef = A4804F661EF12CF8005CBCCD /* RequestFrameTest.swift */; };
		A4804F691EF12F1D005CBCCD /* CancelFrame.swift in Sources */ = {isa = PBXBuildFile; fileRef = A4804F681EF12F1D005CBCCD /* CancelFrame.swift */; };
		A4804F6A1EF12F1D005CBCCD /* CancelFrame.swift in Sources */ = {isa = PBXBuildFile; fileRef = A4804F681EF12F1D005CBCCD /* CancelFrame.swift */; };
		A4804F6C1EF137C6005CBCCD /* CancelFrameTest.swift in Sources */ = {isa = PBXBuildFile; fileRef = A4804F6B1EF137C6005CBCCD /* CancelFrameTest.swift */; };
		A4804F6E1EF14045005CBCCD /* ResponseFrame.swift in Sources */ = {isa = PBXBuildFile; fileRef = A4804F6D1EF14045005CBCCD /* ResponseFrame.swift */; };
		A4804F6F1EF14045005CBCCD /* ResponseFrame.swift in Sources */ = {isa = PBXBuildFile; fileRef = A4804F6D1EF14045005CBCCD /* ResponseFrame.swift */; };
		A4804F711EF14337005CBCCD /* ResponseFrameTest.swift in Sources */ = {isa = PBXBuildFile; fileRef = A4804F701EF14337005CBCCD /* ResponseFrameTest.swift */; };
		A494DC9B1EF273B1000698E6 /* AppDelegate.swift in Sources */ = {isa = PBXBuildFile; fileRef = A494DC9A1EF273B1000698E6 /* AppDelegate.swift */; };
		A494DC9D1EF273B1000698E6 /* ViewController.swift in Sources */ = {isa = PBXBuildFile; fileRef = A494DC9C1EF273B1000698E6 /* ViewController.swift */; };
		A494DCA01EF273B1000698E6 /* Main.storyboard in Resources */ = {isa = PBXBuildFile; fileRef = A494DC9E1EF273B1000698E6 /* Main.storyboard */; };
		A494DCA21EF273B1000698E6 /* Assets.xcassets in Resources */ = {isa = PBXBuildFile; fileRef = A494DCA11EF273B1000698E6 /* Assets.xcassets */; };
		A494DCA51EF273B1000698E6 /* LaunchScreen.storyboard in Resources */ = {isa = PBXBuildFile; fileRef = A494DCA31EF273B1000698E6 /* LaunchScreen.storyboard */; };
		A4BF1EE01EEEA967006B075C /* SwiftYamp.framework in Frameworks */ = {isa = PBXBuildFile; fileRef = A4BF1ED61EEEA967006B075C /* SwiftYamp.framework */; };
		A4BF1EF51EEEAA58006B075C /* SwiftYamp.h in Headers */ = {isa = PBXBuildFile; fileRef = A4BF1EF41EEEAA58006B075C /* SwiftYamp.h */; settings = {ATTRIBUTES = (Public, ); }; };
		A4BF1EF81EEEAA84006B075C /* FrameModels.swift in Sources */ = {isa = PBXBuildFile; fileRef = A4BF1EF71EEEAA84006B075C /* FrameModels.swift */; };
		A4BF1EF91EEEAA84006B075C /* FrameModels.swift in Sources */ = {isa = PBXBuildFile; fileRef = A4BF1EF71EEEAA84006B075C /* FrameModels.swift */; };
		A4C841671EF1184C0093EBEE /* EventFrame.swift in Sources */ = {isa = PBXBuildFile; fileRef = A4C841661EF1184C0093EBEE /* EventFrame.swift */; };
		A4C841681EF1184C0093EBEE /* EventFrame.swift in Sources */ = {isa = PBXBuildFile; fileRef = A4C841661EF1184C0093EBEE /* EventFrame.swift */; };
		A4EC701D1EEFCF68006F7F54 /* Parser.swift in Sources */ = {isa = PBXBuildFile; fileRef = A4EC701B1EEFCF68006F7F54 /* Parser.swift */; };
		A4EC701E1EEFCF68006F7F54 /* Serializer.swift in Sources */ = {isa = PBXBuildFile; fileRef = A4EC701C1EEFCF68006F7F54 /* Serializer.swift */; };
		A4EC70211EEFCF88006F7F54 /* SystemFrameModelsTest.swift in Sources */ = {isa = PBXBuildFile; fileRef = A4EC70201EEFCF88006F7F54 /* SystemFrameModelsTest.swift */; };
		A4EC70241EEFCFC8006F7F54 /* SystemFrameModelParserTest.swift in Sources */ = {isa = PBXBuildFile; fileRef = A4EC70231EEFCFC8006F7F54 /* SystemFrameModelParserTest.swift */; };
		A4EC70251EEFD58B006F7F54 /* Parser.swift in Sources */ = {isa = PBXBuildFile; fileRef = A4EC701B1EEFCF68006F7F54 /* Parser.swift */; };
		A4EC70261EEFD58B006F7F54 /* Serializer.swift in Sources */ = {isa = PBXBuildFile; fileRef = A4EC701C1EEFCF68006F7F54 /* Serializer.swift */; };
		A4EC70281EF003F1006F7F54 /* ParserTest.swift in Sources */ = {isa = PBXBuildFile; fileRef = A4EC70271EF003F1006F7F54 /* ParserTest.swift */; };
		A4EC70321EF03384006F7F54 /* HandshakeFrame.swift in Sources */ = {isa = PBXBuildFile; fileRef = A4EC70311EF03384006F7F54 /* HandshakeFrame.swift */; };
		A4EC70331EF03384006F7F54 /* HandshakeFrame.swift in Sources */ = {isa = PBXBuildFile; fileRef = A4EC70311EF03384006F7F54 /* HandshakeFrame.swift */; };
		A4EC70351EF033CF006F7F54 /* PingFrame.swift in Sources */ = {isa = PBXBuildFile; fileRef = A4EC70341EF033CF006F7F54 /* PingFrame.swift */; };
		A4EC70361EF033CF006F7F54 /* PingFrame.swift in Sources */ = {isa = PBXBuildFile; fileRef = A4EC70341EF033CF006F7F54 /* PingFrame.swift */; };
		A4EC70381EF033F8006F7F54 /* PongFrame.swift in Sources */ = {isa = PBXBuildFile; fileRef = A4EC70371EF033F8006F7F54 /* PongFrame.swift */; };
		A4EC70391EF033F8006F7F54 /* PongFrame.swift in Sources */ = {isa = PBXBuildFile; fileRef = A4EC70371EF033F8006F7F54 /* PongFrame.swift */; };
		A4EC703B1EF0345A006F7F54 /* CloseFrame.swift in Sources */ = {isa = PBXBuildFile; fileRef = A4EC703A1EF0345A006F7F54 /* CloseFrame.swift */; };
		A4EC703C1EF0345A006F7F54 /* CloseFrame.swift in Sources */ = {isa = PBXBuildFile; fileRef = A4EC703A1EF0345A006F7F54 /* CloseFrame.swift */; };
		A4EC703E1EF03484006F7F54 /* CloseRedirectFrame.swift in Sources */ = {isa = PBXBuildFile; fileRef = A4EC703D1EF03484006F7F54 /* CloseRedirectFrame.swift */; };
		A4EC703F1EF03484006F7F54 /* CloseRedirectFrame.swift in Sources */ = {isa = PBXBuildFile; fileRef = A4EC703D1EF03484006F7F54 /* CloseRedirectFrame.swift */; };
		A4EC70411EF03501006F7F54 /* UserMessageHeaderFrame.swift in Sources */ = {isa = PBXBuildFile; fileRef = A4EC70401EF03501006F7F54 /* UserMessageHeaderFrame.swift */; };
		A4EC70421EF03501006F7F54 /* UserMessageHeaderFrame.swift in Sources */ = {isa = PBXBuildFile; fileRef = A4EC70401EF03501006F7F54 /* UserMessageHeaderFrame.swift */; };
		A4EC70441EF035BE006F7F54 /* UserMessageHeaderFrameTest.swift in Sources */ = {isa = PBXBuildFile; fileRef = A4EC70431EF035BE006F7F54 /* UserMessageHeaderFrameTest.swift */; };
		A4EC70461EF03DA9006F7F54 /* UserMessageBodyFrame.swift in Sources */ = {isa = PBXBuildFile; fileRef = A4EC70451EF03DA9006F7F54 /* UserMessageBodyFrame.swift */; };
		A4EC70471EF03DA9006F7F54 /* UserMessageBodyFrame.swift in Sources */ = {isa = PBXBuildFile; fileRef = A4EC70451EF03DA9006F7F54 /* UserMessageBodyFrame.swift */; };
		A4EC70491EF040D5006F7F54 /* UserMessageBodyFrameTest.swift in Sources */ = {isa = PBXBuildFile; fileRef = A4EC70481EF040D5006F7F54 /* UserMessageBodyFrameTest.swift */; };
		FCD975898535C46DE2DE18F0 /* Pods_SwiftYamp_SwiftYampTester.framework in Frameworks */ = {isa = PBXBuildFile; fileRef = 8D6F858801373C5AD009861E /* Pods_SwiftYamp_SwiftYampTester.framework */; };
/* End PBXBuildFile section */

/* Begin PBXContainerItemProxy section */
		A4BF1EE11EEEA967006B075C /* PBXContainerItemProxy */ = {
			isa = PBXContainerItemProxy;
			containerPortal = A4BF1ECD1EEEA967006B075C /* Project object */;
			proxyType = 1;
			remoteGlobalIDString = A4BF1ED51EEEA967006B075C;
			remoteInfo = SwiftYamp;
		};
/* End PBXContainerItemProxy section */

/* Begin PBXFileReference section */
		24923E46D53A36B9899C328B /* Pods-SwiftYamp-SwiftYampTester.release.xcconfig */ = {isa = PBXFileReference; includeInIndex = 1; lastKnownFileType = text.xcconfig; name = "Pods-SwiftYamp-SwiftYampTester.release.xcconfig"; path = "Pods/Target Support Files/Pods-SwiftYamp-SwiftYampTester/Pods-SwiftYamp-SwiftYampTester.release.xcconfig"; sourceTree = "<group>"; };
		2ECA136DDD3A769D13C908BE /* Pods-SwiftYamp.release.xcconfig */ = {isa = PBXFileReference; includeInIndex = 1; lastKnownFileType = text.xcconfig; name = "Pods-SwiftYamp.release.xcconfig"; path = "Pods/Target Support Files/Pods-SwiftYamp/Pods-SwiftYamp.release.xcconfig"; sourceTree = "<group>"; };
		4A94A5B6197097ACAC630C8B /* Pods-SwiftYamp-SwiftYampTester.debug.xcconfig */ = {isa = PBXFileReference; includeInIndex = 1; lastKnownFileType = text.xcconfig; name = "Pods-SwiftYamp-SwiftYampTester.debug.xcconfig"; path = "Pods/Target Support Files/Pods-SwiftYamp-SwiftYampTester/Pods-SwiftYamp-SwiftYampTester.debug.xcconfig"; sourceTree = "<group>"; };
		7BFD47B3D281A0A0CADD5369 /* Pods_SwiftYamp.framework */ = {isa = PBXFileReference; explicitFileType = wrapper.framework; includeInIndex = 0; path = Pods_SwiftYamp.framework; sourceTree = BUILT_PRODUCTS_DIR; };
		8D6F858801373C5AD009861E /* Pods_SwiftYamp_SwiftYampTester.framework */ = {isa = PBXFileReference; explicitFileType = wrapper.framework; includeInIndex = 0; path = Pods_SwiftYamp_SwiftYampTester.framework; sourceTree = BUILT_PRODUCTS_DIR; };
		9028460ACAFDDDD612A99C9E /* Pods-SwiftYampTests.debug.xcconfig */ = {isa = PBXFileReference; includeInIndex = 1; lastKnownFileType = text.xcconfig; name = "Pods-SwiftYampTests.debug.xcconfig"; path = "Pods/Target Support Files/Pods-SwiftYampTests/Pods-SwiftYampTests.debug.xcconfig"; sourceTree = "<group>"; };
		A4804F611EF121A1005CBCCD /* EventFrameTest.swift */ = {isa = PBXFileReference; fileEncoding = 4; lastKnownFileType = sourcecode.swift; path = EventFrameTest.swift; sourceTree = "<group>"; };
		A4804F631EF12BAF005CBCCD /* RequestFrame.swift */ = {isa = PBXFileReference; fileEncoding = 4; lastKnownFileType = sourcecode.swift; path = RequestFrame.swift; sourceTree = "<group>"; };
		A4804F661EF12CF8005CBCCD /* RequestFrameTest.swift */ = {isa = PBXFileReference; fileEncoding = 4; lastKnownFileType = sourcecode.swift; path = RequestFrameTest.swift; sourceTree = "<group>"; };
		A4804F681EF12F1D005CBCCD /* CancelFrame.swift */ = {isa = PBXFileReference; fileEncoding = 4; lastKnownFileType = sourcecode.swift; path = CancelFrame.swift; sourceTree = "<group>"; };
		A4804F6B1EF137C6005CBCCD /* CancelFrameTest.swift */ = {isa = PBXFileReference; fileEncoding = 4; lastKnownFileType = sourcecode.swift; path = CancelFrameTest.swift; sourceTree = "<group>"; };
		A4804F6D1EF14045005CBCCD /* ResponseFrame.swift */ = {isa = PBXFileReference; fileEncoding = 4; lastKnownFileType = sourcecode.swift; path = ResponseFrame.swift; sourceTree = "<group>"; };
		A4804F701EF14337005CBCCD /* ResponseFrameTest.swift */ = {isa = PBXFileReference; fileEncoding = 4; lastKnownFileType = sourcecode.swift; path = ResponseFrameTest.swift; sourceTree = "<group>"; };
		A494DC981EF273B1000698E6 /* SwiftYampTester.app */ = {isa = PBXFileReference; explicitFileType = wrapper.application; includeInIndex = 0; path = SwiftYampTester.app; sourceTree = BUILT_PRODUCTS_DIR; };
		A494DC9A1EF273B1000698E6 /* AppDelegate.swift */ = {isa = PBXFileReference; lastKnownFileType = sourcecode.swift; path = AppDelegate.swift; sourceTree = "<group>"; };
		A494DC9C1EF273B1000698E6 /* ViewController.swift */ = {isa = PBXFileReference; lastKnownFileType = sourcecode.swift; path = ViewController.swift; sourceTree = "<group>"; };
		A494DC9F1EF273B1000698E6 /* Base */ = {isa = PBXFileReference; lastKnownFileType = file.storyboard; name = Base; path = Base.lproj/Main.storyboard; sourceTree = "<group>"; };
		A494DCA11EF273B1000698E6 /* Assets.xcassets */ = {isa = PBXFileReference; lastKnownFileType = folder.assetcatalog; path = Assets.xcassets; sourceTree = "<group>"; };
		A494DCA41EF273B1000698E6 /* Base */ = {isa = PBXFileReference; lastKnownFileType = file.storyboard; name = Base; path = Base.lproj/LaunchScreen.storyboard; sourceTree = "<group>"; };
		A494DCA61EF273B1000698E6 /* Info.plist */ = {isa = PBXFileReference; lastKnownFileType = text.plist.xml; path = Info.plist; sourceTree = "<group>"; };
		A4BF1ED61EEEA967006B075C /* SwiftYamp.framework */ = {isa = PBXFileReference; explicitFileType = wrapper.framework; includeInIndex = 0; path = SwiftYamp.framework; sourceTree = BUILT_PRODUCTS_DIR; };
		A4BF1EDA1EEEA967006B075C /* Info.plist */ = {isa = PBXFileReference; lastKnownFileType = text.plist.xml; path = Info.plist; sourceTree = "<group>"; };
		A4BF1EDF1EEEA967006B075C /* SwiftYampTests.xctest */ = {isa = PBXFileReference; explicitFileType = wrapper.cfbundle; includeInIndex = 0; path = SwiftYampTests.xctest; sourceTree = BUILT_PRODUCTS_DIR; };
		A4BF1EE61EEEA967006B075C /* Info.plist */ = {isa = PBXFileReference; lastKnownFileType = text.plist.xml; path = Info.plist; sourceTree = "<group>"; };
		A4BF1EF41EEEAA58006B075C /* SwiftYamp.h */ = {isa = PBXFileReference; fileEncoding = 4; lastKnownFileType = sourcecode.c.h; path = SwiftYamp.h; sourceTree = "<group>"; };
		A4BF1EF71EEEAA84006B075C /* FrameModels.swift */ = {isa = PBXFileReference; fileEncoding = 4; lastKnownFileType = sourcecode.swift; path = FrameModels.swift; sourceTree = "<group>"; };
		A4C841661EF1184C0093EBEE /* EventFrame.swift */ = {isa = PBXFileReference; fileEncoding = 4; lastKnownFileType = sourcecode.swift; path = EventFrame.swift; sourceTree = "<group>"; };
		A4EC701B1EEFCF68006F7F54 /* Parser.swift */ = {isa = PBXFileReference; fileEncoding = 4; lastKnownFileType = sourcecode.swift; path = Parser.swift; sourceTree = "<group>"; };
		A4EC701C1EEFCF68006F7F54 /* Serializer.swift */ = {isa = PBXFileReference; fileEncoding = 4; lastKnownFileType = sourcecode.swift; path = Serializer.swift; sourceTree = "<group>"; };
		A4EC70201EEFCF88006F7F54 /* SystemFrameModelsTest.swift */ = {isa = PBXFileReference; fileEncoding = 4; lastKnownFileType = sourcecode.swift; path = SystemFrameModelsTest.swift; sourceTree = "<group>"; };
		A4EC70231EEFCFC8006F7F54 /* SystemFrameModelParserTest.swift */ = {isa = PBXFileReference; fileEncoding = 4; lastKnownFileType = sourcecode.swift; path = SystemFrameModelParserTest.swift; sourceTree = "<group>"; };
		A4EC70271EF003F1006F7F54 /* ParserTest.swift */ = {isa = PBXFileReference; fileEncoding = 4; lastKnownFileType = sourcecode.swift; path = ParserTest.swift; sourceTree = "<group>"; };
		A4EC70311EF03384006F7F54 /* HandshakeFrame.swift */ = {isa = PBXFileReference; fileEncoding = 4; lastKnownFileType = sourcecode.swift; path = HandshakeFrame.swift; sourceTree = "<group>"; };
		A4EC70341EF033CF006F7F54 /* PingFrame.swift */ = {isa = PBXFileReference; fileEncoding = 4; lastKnownFileType = sourcecode.swift; path = PingFrame.swift; sourceTree = "<group>"; };
		A4EC70371EF033F8006F7F54 /* PongFrame.swift */ = {isa = PBXFileReference; fileEncoding = 4; lastKnownFileType = sourcecode.swift; path = PongFrame.swift; sourceTree = "<group>"; };
		A4EC703A1EF0345A006F7F54 /* CloseFrame.swift */ = {isa = PBXFileReference; fileEncoding = 4; lastKnownFileType = sourcecode.swift; path = CloseFrame.swift; sourceTree = "<group>"; };
		A4EC703D1EF03484006F7F54 /* CloseRedirectFrame.swift */ = {isa = PBXFileReference; fileEncoding = 4; lastKnownFileType = sourcecode.swift; path = CloseRedirectFrame.swift; sourceTree = "<group>"; };
		A4EC70401EF03501006F7F54 /* UserMessageHeaderFrame.swift */ = {isa = PBXFileReference; fileEncoding = 4; lastKnownFileType = sourcecode.swift; path = UserMessageHeaderFrame.swift; sourceTree = "<group>"; };
		A4EC70431EF035BE006F7F54 /* UserMessageHeaderFrameTest.swift */ = {isa = PBXFileReference; fileEncoding = 4; lastKnownFileType = sourcecode.swift; path = UserMessageHeaderFrameTest.swift; sourceTree = "<group>"; };
		A4EC70451EF03DA9006F7F54 /* UserMessageBodyFrame.swift */ = {isa = PBXFileReference; fileEncoding = 4; lastKnownFileType = sourcecode.swift; path = UserMessageBodyFrame.swift; sourceTree = "<group>"; };
		A4EC70481EF040D5006F7F54 /* UserMessageBodyFrameTest.swift */ = {isa = PBXFileReference; fileEncoding = 4; lastKnownFileType = sourcecode.swift; path = UserMessageBodyFrameTest.swift; sourceTree = "<group>"; };
		A6B8140B353F09B2748B584A /* Pods_SwiftYampTests.framework */ = {isa = PBXFileReference; explicitFileType = wrapper.framework; includeInIndex = 0; path = Pods_SwiftYampTests.framework; sourceTree = BUILT_PRODUCTS_DIR; };
		BC4BCB047F532A956DD69657 /* Pods-SwiftYampTests.release.xcconfig */ = {isa = PBXFileReference; includeInIndex = 1; lastKnownFileType = text.xcconfig; name = "Pods-SwiftYampTests.release.xcconfig"; path = "Pods/Target Support Files/Pods-SwiftYampTests/Pods-SwiftYampTests.release.xcconfig"; sourceTree = "<group>"; };
		E46B083CB1CE308D9760A8A4 /* Pods-SwiftYamp.debug.xcconfig */ = {isa = PBXFileReference; includeInIndex = 1; lastKnownFileType = text.xcconfig; name = "Pods-SwiftYamp.debug.xcconfig"; path = "Pods/Target Support Files/Pods-SwiftYamp/Pods-SwiftYamp.debug.xcconfig"; sourceTree = "<group>"; };
/* End PBXFileReference section */

/* Begin PBXFrameworksBuildPhase section */
		A494DC951EF273B1000698E6 /* Frameworks */ = {
			isa = PBXFrameworksBuildPhase;
			buildActionMask = 2147483647;
			files = (
				FCD975898535C46DE2DE18F0 /* Pods_SwiftYamp_SwiftYampTester.framework in Frameworks */,
			);
			runOnlyForDeploymentPostprocessing = 0;
		};
		A4BF1ED21EEEA967006B075C /* Frameworks */ = {
			isa = PBXFrameworksBuildPhase;
			buildActionMask = 2147483647;
			files = (
				5F8B9E17C72B28730D318782 /* Pods_SwiftYamp.framework in Frameworks */,
			);
			runOnlyForDeploymentPostprocessing = 0;
		};
		A4BF1EDC1EEEA967006B075C /* Frameworks */ = {
			isa = PBXFrameworksBuildPhase;
			buildActionMask = 2147483647;
			files = (
				A4BF1EE01EEEA967006B075C /* SwiftYamp.framework in Frameworks */,
				00933C2BF28238BBB971494E /* Pods_SwiftYampTests.framework in Frameworks */,
			);
			runOnlyForDeploymentPostprocessing = 0;
		};
/* End PBXFrameworksBuildPhase section */

/* Begin PBXGroup section */
		702C33D16BE9766EAC06C488 /* Frameworks */ = {
			isa = PBXGroup;
			children = (
				7BFD47B3D281A0A0CADD5369 /* Pods_SwiftYamp.framework */,
				A6B8140B353F09B2748B584A /* Pods_SwiftYampTests.framework */,
				8D6F858801373C5AD009861E /* Pods_SwiftYamp_SwiftYampTester.framework */,
			);
			name = Frameworks;
			sourceTree = "<group>";
		};
		A494DC991EF273B1000698E6 /* SwiftYampTester */ = {
			isa = PBXGroup;
			children = (
				A494DC9A1EF273B1000698E6 /* AppDelegate.swift */,
				A494DC9C1EF273B1000698E6 /* ViewController.swift */,
				A494DC9E1EF273B1000698E6 /* Main.storyboard */,
				A494DCA11EF273B1000698E6 /* Assets.xcassets */,
				A494DCA31EF273B1000698E6 /* LaunchScreen.storyboard */,
				A494DCA61EF273B1000698E6 /* Info.plist */,
			);
			path = SwiftYampTester;
			sourceTree = "<group>";
		};
		A4BF1ECC1EEEA967006B075C = {
			isa = PBXGroup;
			children = (
				A4BF1ED81EEEA967006B075C /* SwiftYamp */,
				A4BF1EE31EEEA967006B075C /* SwiftYampTests */,
				A494DC991EF273B1000698E6 /* SwiftYampTester */,
				A4BF1ED71EEEA967006B075C /* Products */,
				C91A9747702B814636A750E0 /* Pods */,
				702C33D16BE9766EAC06C488 /* Frameworks */,
			);
			sourceTree = "<group>";
		};
		A4BF1ED71EEEA967006B075C /* Products */ = {
			isa = PBXGroup;
			children = (
				A4BF1ED61EEEA967006B075C /* SwiftYamp.framework */,
				A4BF1EDF1EEEA967006B075C /* SwiftYampTests.xctest */,
				A494DC981EF273B1000698E6 /* SwiftYampTester.app */,
			);
			name = Products;
			sourceTree = "<group>";
		};
		A4BF1ED81EEEA967006B075C /* SwiftYamp */ = {
			isa = PBXGroup;
			children = (
				A4EC701A1EEFCF68006F7F54 /* Parser */,
				A4BF1EF61EEEAA6C006B075C /* Models */,
				A4BF1EF31EEEAA58006B075C /* Headers */,
				A4BF1EDA1EEEA967006B075C /* Info.plist */,
			);
			path = SwiftYamp;
			sourceTree = "<group>";
		};
		A4BF1EE31EEEA967006B075C /* SwiftYampTests */ = {
			isa = PBXGroup;
			children = (
				A4EC70221EEFCFB3006F7F54 /* Parser */,
				A4EC701F1EEFCF75006F7F54 /* Models */,
				A4BF1EE61EEEA967006B075C /* Info.plist */,
			);
			path = SwiftYampTests;
			sourceTree = "<group>";
		};
		A4BF1EF31EEEAA58006B075C /* Headers */ = {
			isa = PBXGroup;
			children = (
				A4BF1EF41EEEAA58006B075C /* SwiftYamp.h */,
			);
			path = Headers;
			sourceTree = "<group>";
		};
		A4BF1EF61EEEAA6C006B075C /* Models */ = {
			isa = PBXGroup;
			children = (
				A4BF1EF71EEEAA84006B075C /* FrameModels.swift */,
				A4EC70311EF03384006F7F54 /* HandshakeFrame.swift */,
				A4EC70341EF033CF006F7F54 /* PingFrame.swift */,
				A4EC70371EF033F8006F7F54 /* PongFrame.swift */,
				A4EC703A1EF0345A006F7F54 /* CloseFrame.swift */,
				A4EC703D1EF03484006F7F54 /* CloseRedirectFrame.swift */,
				A4EC70401EF03501006F7F54 /* UserMessageHeaderFrame.swift */,
				A4EC70451EF03DA9006F7F54 /* UserMessageBodyFrame.swift */,
				A4C841661EF1184C0093EBEE /* EventFrame.swift */,
				A4804F631EF12BAF005CBCCD /* RequestFrame.swift */,
				A4804F681EF12F1D005CBCCD /* CancelFrame.swift */,
				A4804F6D1EF14045005CBCCD /* ResponseFrame.swift */,
			);
			path = Models;
			sourceTree = "<group>";
		};
		A4EC701A1EEFCF68006F7F54 /* Parser */ = {
			isa = PBXGroup;
			children = (
				A4EC701B1EEFCF68006F7F54 /* Parser.swift */,
				A4EC701C1EEFCF68006F7F54 /* Serializer.swift */,
			);
			path = Parser;
			sourceTree = "<group>";
		};
		A4EC701F1EEFCF75006F7F54 /* Models */ = {
			isa = PBXGroup;
			children = (
				A4EC70201EEFCF88006F7F54 /* SystemFrameModelsTest.swift */,
				A4EC70431EF035BE006F7F54 /* UserMessageHeaderFrameTest.swift */,
				A4EC70481EF040D5006F7F54 /* UserMessageBodyFrameTest.swift */,
				A4804F611EF121A1005CBCCD /* EventFrameTest.swift */,
				A4804F661EF12CF8005CBCCD /* RequestFrameTest.swift */,
				A4804F6B1EF137C6005CBCCD /* CancelFrameTest.swift */,
				A4804F701EF14337005CBCCD /* ResponseFrameTest.swift */,
			);
			path = Models;
			sourceTree = "<group>";
		};
		A4EC70221EEFCFB3006F7F54 /* Parser */ = {
			isa = PBXGroup;
			children = (
				A4EC70231EEFCFC8006F7F54 /* SystemFrameModelParserTest.swift */,
				A4EC70271EF003F1006F7F54 /* ParserTest.swift */,
			);
			path = Parser;
			sourceTree = "<group>";
		};
		C91A9747702B814636A750E0 /* Pods */ = {
			isa = PBXGroup;
			children = (
				E46B083CB1CE308D9760A8A4 /* Pods-SwiftYamp.debug.xcconfig */,
				2ECA136DDD3A769D13C908BE /* Pods-SwiftYamp.release.xcconfig */,
				9028460ACAFDDDD612A99C9E /* Pods-SwiftYampTests.debug.xcconfig */,
				BC4BCB047F532A956DD69657 /* Pods-SwiftYampTests.release.xcconfig */,
				4A94A5B6197097ACAC630C8B /* Pods-SwiftYamp-SwiftYampTester.debug.xcconfig */,
				24923E46D53A36B9899C328B /* Pods-SwiftYamp-SwiftYampTester.release.xcconfig */,
			);
			name = Pods;
			sourceTree = "<group>";
		};
/* End PBXGroup section */

/* Begin PBXHeadersBuildPhase section */
		A4BF1ED31EEEA967006B075C /* Headers */ = {
			isa = PBXHeadersBuildPhase;
			buildActionMask = 2147483647;
			files = (
				A4BF1EF51EEEAA58006B075C /* SwiftYamp.h in Headers */,
			);
			runOnlyForDeploymentPostprocessing = 0;
		};
/* End PBXHeadersBuildPhase section */

/* Begin PBXNativeTarget section */
		A494DC971EF273B1000698E6 /* SwiftYampTester */ = {
			isa = PBXNativeTarget;
			buildConfigurationList = A494DCB61EF273B1000698E6 /* Build configuration list for PBXNativeTarget "SwiftYampTester" */;
			buildPhases = (
				033DF9149A20277A3FB1E2E0 /* [CP] Check Pods Manifest.lock */,
				A494DC941EF273B1000698E6 /* Sources */,
				A494DC951EF273B1000698E6 /* Frameworks */,
				A494DC961EF273B1000698E6 /* Resources */,
				BA0E833D253976030E04DE1A /* [CP] Embed Pods Frameworks */,
				979D9021E4FF16312364C93C /* [CP] Copy Pods Resources */,
			);
			buildRules = (
			);
			dependencies = (
			);
			name = SwiftYampTester;
			productName = SwiftYampTester;
			productReference = A494DC981EF273B1000698E6 /* SwiftYampTester.app */;
			productType = "com.apple.product-type.application";
		};
		A4BF1ED51EEEA967006B075C /* SwiftYamp */ = {
			isa = PBXNativeTarget;
			buildConfigurationList = A4BF1EEA1EEEA967006B075C /* Build configuration list for PBXNativeTarget "SwiftYamp" */;
			buildPhases = (
				DCE37944A026259CA9B93079 /* [CP] Check Pods Manifest.lock */,
				A4BF1ED11EEEA967006B075C /* Sources */,
				A4BF1ED21EEEA967006B075C /* Frameworks */,
				A4BF1ED31EEEA967006B075C /* Headers */,
				A4BF1ED41EEEA967006B075C /* Resources */,
				F98B733581644936B2F88275 /* [CP] Copy Pods Resources */,
			);
			buildRules = (
			);
			dependencies = (
			);
			name = SwiftYamp;
			productName = SwiftYamp;
			productReference = A4BF1ED61EEEA967006B075C /* SwiftYamp.framework */;
			productType = "com.apple.product-type.framework";
		};
		A4BF1EDE1EEEA967006B075C /* SwiftYampTests */ = {
			isa = PBXNativeTarget;
			buildConfigurationList = A4BF1EED1EEEA967006B075C /* Build configuration list for PBXNativeTarget "SwiftYampTests" */;
			buildPhases = (
				F5E7E59271F3B4D9482E76BC /* [CP] Check Pods Manifest.lock */,
				A4BF1EDB1EEEA967006B075C /* Sources */,
				A4BF1EDC1EEEA967006B075C /* Frameworks */,
				A4BF1EDD1EEEA967006B075C /* Resources */,
				A3137ADA79A3FB8820E4150D /* [CP] Embed Pods Frameworks */,
				AEC120AE102486B07F173D66 /* [CP] Copy Pods Resources */,
			);
			buildRules = (
			);
			dependencies = (
				A4BF1EE21EEEA967006B075C /* PBXTargetDependency */,
			);
			name = SwiftYampTests;
			productName = SwiftYampTests;
			productReference = A4BF1EDF1EEEA967006B075C /* SwiftYampTests.xctest */;
			productType = "com.apple.product-type.bundle.unit-test";
		};
/* End PBXNativeTarget section */

/* Begin PBXProject section */
		A4BF1ECD1EEEA967006B075C /* Project object */ = {
			isa = PBXProject;
			attributes = {
				LastSwiftUpdateCheck = 0830;
				LastUpgradeCheck = 0830;
				ORGANIZATIONNAME = "Andrey Batutin";
				TargetAttributes = {
					A494DC971EF273B1000698E6 = {
						CreatedOnToolsVersion = 8.3.2;
						DevelopmentTeam = JZHM2Q974G;
						ProvisioningStyle = Automatic;
					};
					A4BF1ED51EEEA967006B075C = {
						CreatedOnToolsVersion = 8.3.2;
						DevelopmentTeam = JZHM2Q974G;
						LastSwiftMigration = 0830;
						ProvisioningStyle = Automatic;
					};
					A4BF1EDE1EEEA967006B075C = {
						CreatedOnToolsVersion = 8.3.2;
						DevelopmentTeam = JZHM2Q974G;
						ProvisioningStyle = Automatic;
					};
				};
			};
			buildConfigurationList = A4BF1ED01EEEA967006B075C /* Build configuration list for PBXProject "SwiftYamp" */;
			compatibilityVersion = "Xcode 3.2";
			developmentRegion = English;
			hasScannedForEncodings = 0;
			knownRegions = (
				en,
				Base,
			);
			mainGroup = A4BF1ECC1EEEA967006B075C;
			productRefGroup = A4BF1ED71EEEA967006B075C /* Products */;
			projectDirPath = "";
			projectRoot = "";
			targets = (
				A4BF1ED51EEEA967006B075C /* SwiftYamp */,
				A4BF1EDE1EEEA967006B075C /* SwiftYampTests */,
				A494DC971EF273B1000698E6 /* SwiftYampTester */,
			);
		};
/* End PBXProject section */

/* Begin PBXResourcesBuildPhase section */
		A494DC961EF273B1000698E6 /* Resources */ = {
			isa = PBXResourcesBuildPhase;
			buildActionMask = 2147483647;
			files = (
				A494DCA51EF273B1000698E6 /* LaunchScreen.storyboard in Resources */,
				A494DCA21EF273B1000698E6 /* Assets.xcassets in Resources */,
				A494DCA01EF273B1000698E6 /* Main.storyboard in Resources */,
			);
			runOnlyForDeploymentPostprocessing = 0;
		};
		A4BF1ED41EEEA967006B075C /* Resources */ = {
			isa = PBXResourcesBuildPhase;
			buildActionMask = 2147483647;
			files = (
			);
			runOnlyForDeploymentPostprocessing = 0;
		};
		A4BF1EDD1EEEA967006B075C /* Resources */ = {
			isa = PBXResourcesBuildPhase;
			buildActionMask = 2147483647;
			files = (
			);
			runOnlyForDeploymentPostprocessing = 0;
		};
/* End PBXResourcesBuildPhase section */

/* Begin PBXShellScriptBuildPhase section */
		033DF9149A20277A3FB1E2E0 /* [CP] Check Pods Manifest.lock */ = {
			isa = PBXShellScriptBuildPhase;
			buildActionMask = 2147483647;
			files = (
			);
			inputPaths = (
			);
			name = "[CP] Check Pods Manifest.lock";
			outputPaths = (
			);
			runOnlyForDeploymentPostprocessing = 0;
			shellPath = /bin/sh;
			shellScript = "diff \"${PODS_PODFILE_DIR_PATH}/Podfile.lock\" \"${PODS_ROOT}/Manifest.lock\" > /dev/null\nif [ $? != 0 ] ; then\n    # print error to STDERR\n    echo \"error: The sandbox is not in sync with the Podfile.lock. Run 'pod install' or update your CocoaPods installation.\" >&2\n    exit 1\nfi\n";
			showEnvVarsInLog = 0;
		};
		979D9021E4FF16312364C93C /* [CP] Copy Pods Resources */ = {
			isa = PBXShellScriptBuildPhase;
			buildActionMask = 2147483647;
			files = (
			);
			inputPaths = (
			);
			name = "[CP] Copy Pods Resources";
			outputPaths = (
			);
			runOnlyForDeploymentPostprocessing = 0;
			shellPath = /bin/sh;
			shellScript = "\"${SRCROOT}/Pods/Target Support Files/Pods-SwiftYamp-SwiftYampTester/Pods-SwiftYamp-SwiftYampTester-resources.sh\"\n";
			showEnvVarsInLog = 0;
		};
		A3137ADA79A3FB8820E4150D /* [CP] Embed Pods Frameworks */ = {
			isa = PBXShellScriptBuildPhase;
			buildActionMask = 2147483647;
			files = (
			);
			inputPaths = (
			);
			name = "[CP] Embed Pods Frameworks";
			outputPaths = (
			);
			runOnlyForDeploymentPostprocessing = 0;
			shellPath = /bin/sh;
			shellScript = "\"${SRCROOT}/Pods/Target Support Files/Pods-SwiftYampTests/Pods-SwiftYampTests-frameworks.sh\"\n";
			showEnvVarsInLog = 0;
		};
		AEC120AE102486B07F173D66 /* [CP] Copy Pods Resources */ = {
			isa = PBXShellScriptBuildPhase;
			buildActionMask = 2147483647;
			files = (
			);
			inputPaths = (
			);
			name = "[CP] Copy Pods Resources";
			outputPaths = (
			);
			runOnlyForDeploymentPostprocessing = 0;
			shellPath = /bin/sh;
			shellScript = "\"${SRCROOT}/Pods/Target Support Files/Pods-SwiftYampTests/Pods-SwiftYampTests-resources.sh\"\n";
			showEnvVarsInLog = 0;
		};
		BA0E833D253976030E04DE1A /* [CP] Embed Pods Frameworks */ = {
			isa = PBXShellScriptBuildPhase;
			buildActionMask = 2147483647;
			files = (
			);
			inputPaths = (
			);
			name = "[CP] Embed Pods Frameworks";
			outputPaths = (
			);
			runOnlyForDeploymentPostprocessing = 0;
			shellPath = /bin/sh;
			shellScript = "\"${SRCROOT}/Pods/Target Support Files/Pods-SwiftYamp-SwiftYampTester/Pods-SwiftYamp-SwiftYampTester-frameworks.sh\"\n";
			showEnvVarsInLog = 0;
		};
		DCE37944A026259CA9B93079 /* [CP] Check Pods Manifest.lock */ = {
			isa = PBXShellScriptBuildPhase;
			buildActionMask = 2147483647;
			files = (
			);
			inputPaths = (
			);
			name = "[CP] Check Pods Manifest.lock";
			outputPaths = (
			);
			runOnlyForDeploymentPostprocessing = 0;
			shellPath = /bin/sh;
			shellScript = "diff \"${PODS_PODFILE_DIR_PATH}/Podfile.lock\" \"${PODS_ROOT}/Manifest.lock\" > /dev/null\nif [ $? != 0 ] ; then\n    # print error to STDERR\n    echo \"error: The sandbox is not in sync with the Podfile.lock. Run 'pod install' or update your CocoaPods installation.\" >&2\n    exit 1\nfi\n";
			showEnvVarsInLog = 0;
		};
		F5E7E59271F3B4D9482E76BC /* [CP] Check Pods Manifest.lock */ = {
			isa = PBXShellScriptBuildPhase;
			buildActionMask = 2147483647;
			files = (
			);
			inputPaths = (
			);
			name = "[CP] Check Pods Manifest.lock";
			outputPaths = (
			);
			runOnlyForDeploymentPostprocessing = 0;
			shellPath = /bin/sh;
			shellScript = "diff \"${PODS_PODFILE_DIR_PATH}/Podfile.lock\" \"${PODS_ROOT}/Manifest.lock\" > /dev/null\nif [ $? != 0 ] ; then\n    # print error to STDERR\n    echo \"error: The sandbox is not in sync with the Podfile.lock. Run 'pod install' or update your CocoaPods installation.\" >&2\n    exit 1\nfi\n";
			showEnvVarsInLog = 0;
		};
		F98B733581644936B2F88275 /* [CP] Copy Pods Resources */ = {
			isa = PBXShellScriptBuildPhase;
			buildActionMask = 2147483647;
			files = (
			);
			inputPaths = (
			);
			name = "[CP] Copy Pods Resources";
			outputPaths = (
			);
			runOnlyForDeploymentPostprocessing = 0;
			shellPath = /bin/sh;
			shellScript = "\"${SRCROOT}/Pods/Target Support Files/Pods-SwiftYamp/Pods-SwiftYamp-resources.sh\"\n";
			showEnvVarsInLog = 0;
		};
/* End PBXShellScriptBuildPhase section */

/* Begin PBXSourcesBuildPhase section */
		A494DC941EF273B1000698E6 /* Sources */ = {
			isa = PBXSourcesBuildPhase;
			buildActionMask = 2147483647;
			files = (
				A494DC9D1EF273B1000698E6 /* ViewController.swift in Sources */,
				A494DC9B1EF273B1000698E6 /* AppDelegate.swift in Sources */,
			);
			runOnlyForDeploymentPostprocessing = 0;
		};
		A4BF1ED11EEEA967006B075C /* Sources */ = {
			isa = PBXSourcesBuildPhase;
			buildActionMask = 2147483647;
			files = (
				A4804F691EF12F1D005CBCCD /* CancelFrame.swift in Sources */,
				A4C841671EF1184C0093EBEE /* EventFrame.swift in Sources */,
				A4804F641EF12BAF005CBCCD /* RequestFrame.swift in Sources */,
				A4EC701D1EEFCF68006F7F54 /* Parser.swift in Sources */,
				A4EC70381EF033F8006F7F54 /* PongFrame.swift in Sources */,
				A4EC70461EF03DA9006F7F54 /* UserMessageBodyFrame.swift in Sources */,
				A4804F6E1EF14045005CBCCD /* ResponseFrame.swift in Sources */,
				A4EC70351EF033CF006F7F54 /* PingFrame.swift in Sources */,
				A4EC70321EF03384006F7F54 /* HandshakeFrame.swift in Sources */,
				A4EC701E1EEFCF68006F7F54 /* Serializer.swift in Sources */,
				A4EC70411EF03501006F7F54 /* UserMessageHeaderFrame.swift in Sources */,
				A4BF1EF81EEEAA84006B075C /* FrameModels.swift in Sources */,
				A4EC703E1EF03484006F7F54 /* CloseRedirectFrame.swift in Sources */,
				A4EC703B1EF0345A006F7F54 /* CloseFrame.swift in Sources */,
			);
			runOnlyForDeploymentPostprocessing = 0;
		};
		A4BF1EDB1EEEA967006B075C /* Sources */ = {
			isa = PBXSourcesBuildPhase;
			buildActionMask = 2147483647;
			files = (
				A4EC70251EEFD58B006F7F54 /* Parser.swift in Sources */,
				A4EC70211EEFCF88006F7F54 /* SystemFrameModelsTest.swift in Sources */,
				A4804F6F1EF14045005CBCCD /* ResponseFrame.swift in Sources */,
				A4EC70281EF003F1006F7F54 /* ParserTest.swift in Sources */,
				A4804F621EF121A1005CBCCD /* EventFrameTest.swift in Sources */,
				A4804F6C1EF137C6005CBCCD /* CancelFrameTest.swift in Sources */,
				A4EC70361EF033CF006F7F54 /* PingFrame.swift in Sources */,
				A4804F6A1EF12F1D005CBCCD /* CancelFrame.swift in Sources */,
				A4EC703C1EF0345A006F7F54 /* CloseFrame.swift in Sources */,
				A4EC70391EF033F8006F7F54 /* PongFrame.swift in Sources */,
				A4EC70241EEFCFC8006F7F54 /* SystemFrameModelParserTest.swift in Sources */,
				A4EC70331EF03384006F7F54 /* HandshakeFrame.swift in Sources */,
				A4804F711EF14337005CBCCD /* ResponseFrameTest.swift in Sources */,
				A4C841681EF1184C0093EBEE /* EventFrame.swift in Sources */,
				A4EC70491EF040D5006F7F54 /* UserMessageBodyFrameTest.swift in Sources */,
				A4EC70471EF03DA9006F7F54 /* UserMessageBodyFrame.swift in Sources */,
				A4EC70441EF035BE006F7F54 /* UserMessageHeaderFrameTest.swift in Sources */,
				A4804F671EF12CF8005CBCCD /* RequestFrameTest.swift in Sources */,
				A4804F651EF12BAF005CBCCD /* RequestFrame.swift in Sources */,
				A4BF1EF91EEEAA84006B075C /* FrameModels.swift in Sources */,
				A4EC70261EEFD58B006F7F54 /* Serializer.swift in Sources */,
				A4EC703F1EF03484006F7F54 /* CloseRedirectFrame.swift in Sources */,
				A4EC70421EF03501006F7F54 /* UserMessageHeaderFrame.swift in Sources */,
			);
			runOnlyForDeploymentPostprocessing = 0;
		};
/* End PBXSourcesBuildPhase section */

/* Begin PBXTargetDependency section */
		A4BF1EE21EEEA967006B075C /* PBXTargetDependency */ = {
			isa = PBXTargetDependency;
			target = A4BF1ED51EEEA967006B075C /* SwiftYamp */;
			targetProxy = A4BF1EE11EEEA967006B075C /* PBXContainerItemProxy */;
		};
/* End PBXTargetDependency section */

/* Begin PBXVariantGroup section */
		A494DC9E1EF273B1000698E6 /* Main.storyboard */ = {
			isa = PBXVariantGroup;
			children = (
				A494DC9F1EF273B1000698E6 /* Base */,
			);
			name = Main.storyboard;
			sourceTree = "<group>";
		};
		A494DCA31EF273B1000698E6 /* LaunchScreen.storyboard */ = {
			isa = PBXVariantGroup;
			children = (
				A494DCA41EF273B1000698E6 /* Base */,
			);
			name = LaunchScreen.storyboard;
			sourceTree = "<group>";
		};
/* End PBXVariantGroup section */

/* Begin XCBuildConfiguration section */
		A494DCB21EF273B1000698E6 /* Debug */ = {
			isa = XCBuildConfiguration;
			baseConfigurationReference = 4A94A5B6197097ACAC630C8B /* Pods-SwiftYamp-SwiftYampTester.debug.xcconfig */;
			buildSettings = {
				ASSETCATALOG_COMPILER_APPICON_NAME = AppIcon;
				DEVELOPMENT_TEAM = JZHM2Q974G;
				INFOPLIST_FILE = SwiftYampTester/Info.plist;
				LD_RUNPATH_SEARCH_PATHS = "$(inherited) @executable_path/Frameworks";
				PRODUCT_BUNDLE_IDENTIFIER = HouseOfRisingSun.SwiftYampTester;
				PRODUCT_NAME = "$(TARGET_NAME)";
				SWIFT_VERSION = 3.0;
			};
			name = Debug;
		};
		A494DCB31EF273B1000698E6 /* Release */ = {
			isa = XCBuildConfiguration;
			baseConfigurationReference = 24923E46D53A36B9899C328B /* Pods-SwiftYamp-SwiftYampTester.release.xcconfig */;
			buildSettings = {
				ASSETCATALOG_COMPILER_APPICON_NAME = AppIcon;
				DEVELOPMENT_TEAM = JZHM2Q974G;
				INFOPLIST_FILE = SwiftYampTester/Info.plist;
				LD_RUNPATH_SEARCH_PATHS = "$(inherited) @executable_path/Frameworks";
				PRODUCT_BUNDLE_IDENTIFIER = HouseOfRisingSun.SwiftYampTester;
				PRODUCT_NAME = "$(TARGET_NAME)";
				SWIFT_VERSION = 3.0;
			};
			name = Release;
		};
		A4BF1EE81EEEA967006B075C /* Debug */ = {
			isa = XCBuildConfiguration;
			buildSettings = {
				ALWAYS_SEARCH_USER_PATHS = NO;
				CLANG_ANALYZER_NONNULL = YES;
				CLANG_ANALYZER_NUMBER_OBJECT_CONVERSION = YES_AGGRESSIVE;
				CLANG_CXX_LANGUAGE_STANDARD = "gnu++0x";
				CLANG_CXX_LIBRARY = "libc++";
				CLANG_ENABLE_MODULES = YES;
				CLANG_ENABLE_OBJC_ARC = YES;
				CLANG_WARN_BOOL_CONVERSION = YES;
				CLANG_WARN_CONSTANT_CONVERSION = YES;
				CLANG_WARN_DIRECT_OBJC_ISA_USAGE = YES_ERROR;
				CLANG_WARN_DOCUMENTATION_COMMENTS = YES;
				CLANG_WARN_EMPTY_BODY = YES;
				CLANG_WARN_ENUM_CONVERSION = YES;
				CLANG_WARN_INFINITE_RECURSION = YES;
				CLANG_WARN_INT_CONVERSION = YES;
				CLANG_WARN_OBJC_ROOT_CLASS = YES_ERROR;
				CLANG_WARN_SUSPICIOUS_MOVE = YES;
				CLANG_WARN_UNREACHABLE_CODE = YES;
				CLANG_WARN__DUPLICATE_METHOD_MATCH = YES;
				"CODE_SIGN_IDENTITY[sdk=iphoneos*]" = "iPhone Developer";
				COPY_PHASE_STRIP = NO;
				CURRENT_PROJECT_VERSION = 1;
				DEBUG_INFORMATION_FORMAT = dwarf;
				ENABLE_STRICT_OBJC_MSGSEND = YES;
				ENABLE_TESTABILITY = YES;
				GCC_C_LANGUAGE_STANDARD = gnu99;
				GCC_DYNAMIC_NO_PIC = NO;
				GCC_NO_COMMON_BLOCKS = YES;
				GCC_OPTIMIZATION_LEVEL = 0;
				GCC_PREPROCESSOR_DEFINITIONS = (
					"DEBUG=1",
					"$(inherited)",
				);
				GCC_WARN_64_TO_32_BIT_CONVERSION = YES;
				GCC_WARN_ABOUT_RETURN_TYPE = YES_ERROR;
				GCC_WARN_UNDECLARED_SELECTOR = YES;
				GCC_WARN_UNINITIALIZED_AUTOS = YES_AGGRESSIVE;
				GCC_WARN_UNUSED_FUNCTION = YES;
				GCC_WARN_UNUSED_VARIABLE = YES;
				IPHONEOS_DEPLOYMENT_TARGET = 10.3;
				MTL_ENABLE_DEBUG_INFO = YES;
				ONLY_ACTIVE_ARCH = YES;
				SDKROOT = iphoneos;
				SWIFT_ACTIVE_COMPILATION_CONDITIONS = DEBUG;
				SWIFT_OPTIMIZATION_LEVEL = "-Onone";
				TARGETED_DEVICE_FAMILY = "1,2";
				VERSIONING_SYSTEM = "apple-generic";
				VERSION_INFO_PREFIX = "";
			};
			name = Debug;
		};
		A4BF1EE91EEEA967006B075C /* Release */ = {
			isa = XCBuildConfiguration;
			buildSettings = {
				ALWAYS_SEARCH_USER_PATHS = NO;
				CLANG_ANALYZER_NONNULL = YES;
				CLANG_ANALYZER_NUMBER_OBJECT_CONVERSION = YES_AGGRESSIVE;
				CLANG_CXX_LANGUAGE_STANDARD = "gnu++0x";
				CLANG_CXX_LIBRARY = "libc++";
				CLANG_ENABLE_MODULES = YES;
				CLANG_ENABLE_OBJC_ARC = YES;
				CLANG_WARN_BOOL_CONVERSION = YES;
				CLANG_WARN_CONSTANT_CONVERSION = YES;
				CLANG_WARN_DIRECT_OBJC_ISA_USAGE = YES_ERROR;
				CLANG_WARN_DOCUMENTATION_COMMENTS = YES;
				CLANG_WARN_EMPTY_BODY = YES;
				CLANG_WARN_ENUM_CONVERSION = YES;
				CLANG_WARN_INFINITE_RECURSION = YES;
				CLANG_WARN_INT_CONVERSION = YES;
				CLANG_WARN_OBJC_ROOT_CLASS = YES_ERROR;
				CLANG_WARN_SUSPICIOUS_MOVE = YES;
				CLANG_WARN_UNREACHABLE_CODE = YES;
				CLANG_WARN__DUPLICATE_METHOD_MATCH = YES;
				"CODE_SIGN_IDENTITY[sdk=iphoneos*]" = "iPhone Developer";
				COPY_PHASE_STRIP = NO;
				CURRENT_PROJECT_VERSION = 1;
				DEBUG_INFORMATION_FORMAT = "dwarf-with-dsym";
				ENABLE_NS_ASSERTIONS = NO;
				ENABLE_STRICT_OBJC_MSGSEND = YES;
				GCC_C_LANGUAGE_STANDARD = gnu99;
				GCC_NO_COMMON_BLOCKS = YES;
				GCC_WARN_64_TO_32_BIT_CONVERSION = YES;
				GCC_WARN_ABOUT_RETURN_TYPE = YES_ERROR;
				GCC_WARN_UNDECLARED_SELECTOR = YES;
				GCC_WARN_UNINITIALIZED_AUTOS = YES_AGGRESSIVE;
				GCC_WARN_UNUSED_FUNCTION = YES;
				GCC_WARN_UNUSED_VARIABLE = YES;
				IPHONEOS_DEPLOYMENT_TARGET = 10.3;
				MTL_ENABLE_DEBUG_INFO = NO;
				SDKROOT = iphoneos;
				SWIFT_OPTIMIZATION_LEVEL = "-Owholemodule";
				TARGETED_DEVICE_FAMILY = "1,2";
				VALIDATE_PRODUCT = YES;
				VERSIONING_SYSTEM = "apple-generic";
				VERSION_INFO_PREFIX = "";
			};
			name = Release;
		};
		A4BF1EEB1EEEA967006B075C /* Debug */ = {
			isa = XCBuildConfiguration;
			baseConfigurationReference = E46B083CB1CE308D9760A8A4 /* Pods-SwiftYamp.debug.xcconfig */;
			buildSettings = {
				CLANG_ENABLE_MODULES = YES;
				CODE_SIGN_IDENTITY = "";
				DEFINES_MODULE = YES;
				DEVELOPMENT_TEAM = JZHM2Q974G;
				DYLIB_COMPATIBILITY_VERSION = 1;
				DYLIB_CURRENT_VERSION = 1;
				DYLIB_INSTALL_NAME_BASE = "@rpath";
				INFOPLIST_FILE = SwiftYamp/Info.plist;
				INSTALL_PATH = "$(LOCAL_LIBRARY_DIR)/Frameworks";
				LD_RUNPATH_SEARCH_PATHS = "$(inherited) @executable_path/Frameworks @loader_path/Frameworks";
				PRODUCT_BUNDLE_IDENTIFIER = HouseOfRisingSun.SwiftYamp;
				PRODUCT_NAME = "$(TARGET_NAME)";
				SKIP_INSTALL = YES;
				SWIFT_OPTIMIZATION_LEVEL = "-Onone";
				SWIFT_VERSION = 3.0;
			};
			name = Debug;
		};
		A4BF1EEC1EEEA967006B075C /* Release */ = {
			isa = XCBuildConfiguration;
			baseConfigurationReference = 2ECA136DDD3A769D13C908BE /* Pods-SwiftYamp.release.xcconfig */;
			buildSettings = {
				CLANG_ENABLE_MODULES = YES;
				CODE_SIGN_IDENTITY = "";
				DEFINES_MODULE = YES;
				DEVELOPMENT_TEAM = JZHM2Q974G;
				DYLIB_COMPATIBILITY_VERSION = 1;
				DYLIB_CURRENT_VERSION = 1;
				DYLIB_INSTALL_NAME_BASE = "@rpath";
				INFOPLIST_FILE = SwiftYamp/Info.plist;
				INSTALL_PATH = "$(LOCAL_LIBRARY_DIR)/Frameworks";
				LD_RUNPATH_SEARCH_PATHS = "$(inherited) @executable_path/Frameworks @loader_path/Frameworks";
				PRODUCT_BUNDLE_IDENTIFIER = HouseOfRisingSun.SwiftYamp;
				PRODUCT_NAME = "$(TARGET_NAME)";
				SKIP_INSTALL = YES;
				SWIFT_VERSION = 3.0;
			};
			name = Release;
		};
		A4BF1EEE1EEEA967006B075C /* Debug */ = {
			isa = XCBuildConfiguration;
			baseConfigurationReference = 9028460ACAFDDDD612A99C9E /* Pods-SwiftYampTests.debug.xcconfig */;
			buildSettings = {
				ALWAYS_EMBED_SWIFT_STANDARD_LIBRARIES = YES;
				DEVELOPMENT_TEAM = JZHM2Q974G;
				INFOPLIST_FILE = SwiftYampTests/Info.plist;
				LD_RUNPATH_SEARCH_PATHS = "$(inherited) @executable_path/Frameworks @loader_path/Frameworks";
				PRODUCT_BUNDLE_IDENTIFIER = HouseOfRisingSun.SwiftYampTests;
				PRODUCT_NAME = "$(TARGET_NAME)";
				SWIFT_VERSION = 3.0;
			};
			name = Debug;
		};
		A4BF1EEF1EEEA967006B075C /* Release */ = {
			isa = XCBuildConfiguration;
			baseConfigurationReference = BC4BCB047F532A956DD69657 /* Pods-SwiftYampTests.release.xcconfig */;
			buildSettings = {
				ALWAYS_EMBED_SWIFT_STANDARD_LIBRARIES = YES;
				DEVELOPMENT_TEAM = JZHM2Q974G;
				INFOPLIST_FILE = SwiftYampTests/Info.plist;
				LD_RUNPATH_SEARCH_PATHS = "$(inherited) @executable_path/Frameworks @loader_path/Frameworks";
				PRODUCT_BUNDLE_IDENTIFIER = HouseOfRisingSun.SwiftYampTests;
				PRODUCT_NAME = "$(TARGET_NAME)";
				SWIFT_VERSION = 3.0;
			};
			name = Release;
		};
/* End XCBuildConfiguration section */

/* Begin XCConfigurationList section */
		A494DCB61EF273B1000698E6 /* Build configuration list for PBXNativeTarget "SwiftYampTester" */ = {
			isa = XCConfigurationList;
			buildConfigurations = (
				A494DCB21EF273B1000698E6 /* Debug */,
				A494DCB31EF273B1000698E6 /* Release */,
			);
			defaultConfigurationIsVisible = 0;
		};
		A4BF1ED01EEEA967006B075C /* Build configuration list for PBXProject "SwiftYamp" */ = {
			isa = XCConfigurationList;
			buildConfigurations = (
				A4BF1EE81EEEA967006B075C /* Debug */,
				A4BF1EE91EEEA967006B075C /* Release */,
			);
			defaultConfigurationIsVisible = 0;
			defaultConfigurationName = Release;
		};
		A4BF1EEA1EEEA967006B075C /* Build configuration list for PBXNativeTarget "SwiftYamp" */ = {
			isa = XCConfigurationList;
			buildConfigurations = (
				A4BF1EEB1EEEA967006B075C /* Debug */,
				A4BF1EEC1EEEA967006B075C /* Release */,
			);
			defaultConfigurationIsVisible = 0;
			defaultConfigurationName = Release;
		};
		A4BF1EED1EEEA967006B075C /* Build configuration list for PBXNativeTarget "SwiftYampTests" */ = {
			isa = XCConfigurationList;
			buildConfigurations = (
				A4BF1EEE1EEEA967006B075C /* Debug */,
				A4BF1EEF1EEEA967006B075C /* Release */,
			);
			defaultConfigurationIsVisible = 0;
			defaultConfigurationName = Release;
		};
/* End XCConfigurationList section */
	};
	rootObject = A4BF1ECD1EEEA967006B075C /* Project object */;
}
